// !$*UTF8*$!
{
	archiveVersion = 1;
	classes = {
	};
	objectVersion = 50;
	objects = {

/* Begin PBXBuildFile section */
		0BC29DF32333D3C100CDE5D6 /* ViewControllerEsfera.swift in Sources */ = {isa = PBXBuildFile; fileRef = 0BC29DF22333D3C100CDE5D6 /* ViewControllerEsfera.swift */; };
		B7928D68232F02DB00CB738F /* AppDelegate.swift in Sources */ = {isa = PBXBuildFile; fileRef = B7928D67232F02DB00CB738F /* AppDelegate.swift */; };
		B7928D6A232F02DB00CB738F /* ViewController.swift in Sources */ = {isa = PBXBuildFile; fileRef = B7928D69232F02DB00CB738F /* ViewController.swift */; };
		B7928D6D232F02DB00CB738F /* Main.storyboard in Resources */ = {isa = PBXBuildFile; fileRef = B7928D6B232F02DB00CB738F /* Main.storyboard */; };
		B7928D6F232F02DC00CB738F /* Assets.xcassets in Resources */ = {isa = PBXBuildFile; fileRef = B7928D6E232F02DC00CB738F /* Assets.xcassets */; };
		B7928D72232F02DC00CB738F /* LaunchScreen.storyboard in Resources */ = {isa = PBXBuildFile; fileRef = B7928D70232F02DC00CB738F /* LaunchScreen.storyboard */; };
/* End PBXBuildFile section */

/* Begin PBXFileReference section */
		0BC29DF22333D3C100CDE5D6 /* ViewControllerEsfera.swift */ = {isa = PBXFileReference; lastKnownFileType = sourcecode.swift; path = ViewControllerEsfera.swift; sourceTree = "<group>"; };
		B7928D64232F02DB00CB738F /* Parcial1V2Ago19.app */ = {isa = PBXFileReference; explicitFileType = wrapper.application; includeInIndex = 0; path = Parcial1V2Ago19.app; sourceTree = BUILT_PRODUCTS_DIR; };
		B7928D67232F02DB00CB738F /* AppDelegate.swift */ = {isa = PBXFileReference; lastKnownFileType = sourcecode.swift; path = AppDelegate.swift; sourceTree = "<group>"; };
		B7928D69232F02DB00CB738F /* ViewController.swift */ = {isa = PBXFileReference; lastKnownFileType = sourcecode.swift; path = ViewController.swift; sourceTree = "<group>"; };
		B7928D6C232F02DB00CB738F /* Base */ = {isa = PBXFileReference; lastKnownFileType = file.storyboard; name = Base; path = Base.lproj/Main.storyboard; sourceTree = "<group>"; };
		B7928D6E232F02DC00CB738F /* Assets.xcassets */ = {isa = PBXFileReference; lastKnownFileType = folder.assetcatalog; path = Assets.xcassets; sourceTree = "<group>"; };
		B7928D71232F02DC00CB738F /* Base */ = {isa = PBXFileReference; lastKnownFileType = file.storyboard; name = Base; path = Base.lproj/LaunchScreen.storyboard; sourceTree = "<group>"; };
		B7928D73232F02DC00CB738F /* Info.plist */ = {isa = PBXFileReference; lastKnownFileType = text.plist.xml; path = Info.plist; sourceTree = "<group>"; };
/* End PBXFileReference section */

/* Begin PBXFrameworksBuildPhase section */
		B7928D61232F02DB00CB738F /* Frameworks */ = {
			isa = PBXFrameworksBuildPhase;
			buildActionMask = 2147483647;
			files = (
			);
			runOnlyForDeploymentPostprocessing = 0;
		};
/* End PBXFrameworksBuildPhase section */

/* Begin PBXGroup section */
		B7928D5B232F02DB00CB738F = {
			isa = PBXGroup;
			children = (
				B7928D66232F02DB00CB738F /* Parcial1V2Ago19 */,
				B7928D65232F02DB00CB738F /* Products */,
			);
			sourceTree = "<group>";
		};
		B7928D65232F02DB00CB738F /* Products */ = {
			isa = PBXGroup;
			children = (
				B7928D64232F02DB00CB738F /* Parcial1V2Ago19.app */,
			);
			name = Products;
			sourceTree = "<group>";
		};
		B7928D66232F02DB00CB738F /* Parcial1V2Ago19 */ = {
			isa = PBXGroup;
			children = (
				B7928D67232F02DB00CB738F /* AppDelegate.swift */,
				B7928D69232F02DB00CB738F /* ViewController.swift */,
				B7928D6B232F02DB00CB738F /* Main.storyboard */,
				0BC29DF22333D3C100CDE5D6 /* ViewControllerEsfera.swift */,
				B7928D6E232F02DC00CB738F /* Assets.xcassets */,
				B7928D70232F02DC00CB738F /* LaunchScreen.storyboard */,
				B7928D73232F02DC00CB738F /* Info.plist */,
			);
			path = Parcial1V2Ago19;
			sourceTree = "<group>";
		};
/* End PBXGroup section */

/* Begin PBXNativeTarget section */
		B7928D63232F02DB00CB738F /* Parcial1V2Ago19 */ = {
			isa = PBXNativeTarget;
			buildConfigurationList = B7928D76232F02DC00CB738F /* Build configuration list for PBXNativeTarget "Parcial1V2Ago19" */;
			buildPhases = (
				B7928D60232F02DB00CB738F /* Sources */,
				B7928D61232F02DB00CB738F /* Frameworks */,
				B7928D62232F02DB00CB738F /* Resources */,
			);
			buildRules = (
			);
			dependencies = (
			);
			name = Parcial1V2Ago19;
			productName = Parcial1V2Ago19;
			productReference = B7928D64232F02DB00CB738F /* Parcial1V2Ago19.app */;
			productType = "com.apple.product-type.application";
		};
/* End PBXNativeTarget section */

/* Begin PBXProject section */
		B7928D5C232F02DB00CB738F /* Project object */ = {
			isa = PBXProject;
			attributes = {
				LastSwiftUpdateCheck = 1030;
				LastUpgradeCheck = 1030;
				ORGANIZATIONNAME = com.itesm;
				TargetAttributes = {
					B7928D63232F02DB00CB738F = {
						CreatedOnToolsVersion = 10.3;
					};
				};
			};
			buildConfigurationList = B7928D5F232F02DB00CB738F /* Build configuration list for PBXProject "Parcial1V2Ago19" */;
			compatibilityVersion = "Xcode 9.3";
			developmentRegion = en;
			hasScannedForEncodings = 0;
			knownRegions = (
				en,
				Base,
			);
			mainGroup = B7928D5B232F02DB00CB738F;
			productRefGroup = B7928D65232F02DB00CB738F /* Products */;
			projectDirPath = "";
			projectRoot = "";
			targets = (
				B7928D63232F02DB00CB738F /* Parcial1V2Ago19 */,
			);
		};
/* End PBXProject section */

/* Begin PBXResourcesBuildPhase section */
		B7928D62232F02DB00CB738F /* Resources */ = {
			isa = PBXResourcesBuildPhase;
			buildActionMask = 2147483647;
			files = (
				B7928D72232F02DC00CB738F /* LaunchScreen.storyboard in Resources */,
				B7928D6F232F02DC00CB738F /* Assets.xcassets in Resources */,
				B7928D6D232F02DB00CB738F /* Main.storyboard in Resources */,
			);
			runOnlyForDeploymentPostprocessing = 0;
		};
/* End PBXResourcesBuildPhase section */

/* Begin PBXSourcesBuildPhase section */
		B7928D60232F02DB00CB738F /* Sources */ = {
			isa = PBXSourcesBuildPhase;
			buildActionMask = 2147483647;
			files = (
				0BC29DF32333D3C100CDE5D6 /* ViewControllerEsfera.swift in Sources */,
				B7928D6A232F02DB00CB738F /* ViewController.swift in Sources */,
				B7928D68232F02DB00CB738F /* AppDelegate.swift in Sources */,
			);
			runOnlyForDeploymentPostprocessing = 0;
		};
/* End PBXSourcesBuildPhase section */

/* Begin PBXVariantGroup section */
		B7928D6B232F02DB00CB738F /* Main.storyboard */ = {
			isa = PBXVariantGroup;
			children = (
				B7928D6C232F02DB00CB738F /* Base */,
			);
			name = Main.storyboard;
			sourceTree = "<group>";
		};
		B7928D70232F02DC00CB738F /* LaunchScreen.storyboard */ = {
			isa = PBXVariantGroup;
			children = (
				B7928D71232F02DC00CB738F /* Base */,
			);
			name = LaunchScreen.storyboard;
			sourceTree = "<group>";
		};
/* End PBXVariantGroup section */

/* Begin XCBuildConfiguration section */
		B7928D74232F02DC00CB738F /* Debug */ = {
			isa = XCBuildConfiguration;
			buildSettings = {
				ALWAYS_SEARCH_USER_PATHS = NO;
				CLANG_ANALYZER_NONNULL = YES;
				CLANG_ANALYZER_NUMBER_OBJECT_CONVERSION = YES_AGGRESSIVE;
				CLANG_CXX_LANGUAGE_STANDARD = "gnu++14";
				CLANG_CXX_LIBRARY = "libc++";
				CLANG_ENABLE_MODULES = YES;
				CLANG_ENABLE_OBJC_ARC = YES;
				CLANG_ENABLE_OBJC_WEAK = YES;
				CLANG_WARN_BLOCK_CAPTURE_AUTORELEASING = YES;
				CLANG_WARN_BOOL_CONVERSION = YES;
				CLANG_WARN_COMMA = YES;
				CLANG_WARN_CONSTANT_CONVERSION = YES;
				CLANG_WARN_DEPRECATED_OBJC_IMPLEMENTATIONS = YES;
				CLANG_WARN_DIRECT_OBJC_ISA_USAGE = YES_ERROR;
				CLANG_WARN_DOCUMENTATION_COMMENTS = YES;
				CLANG_WARN_EMPTY_BODY = YES;
				CLANG_WARN_ENUM_CONVERSION = YES;
				CLANG_WARN_INFINITE_RECURSION = YES;
				CLANG_WARN_INT_CONVERSION = YES;
				CLANG_WARN_NON_LITERAL_NULL_CONVERSION = YES;
				CLANG_WARN_OBJC_IMPLICIT_RETAIN_SELF = YES;
				CLANG_WARN_OBJC_LITERAL_CONVERSION = YES;
				CLANG_WARN_OBJC_ROOT_CLASS = YES_ERROR;
				CLANG_WARN_RANGE_LOOP_ANALYSIS = YES;
				CLANG_WARN_STRICT_PROTOTYPES = YES;
				CLANG_WARN_SUSPICIOUS_MOVE = YES;
				CLANG_WARN_UNGUARDED_AVAILABILITY = YES_AGGRESSIVE;
				CLANG_WARN_UNREACHABLE_CODE = YES;
				CLANG_WARN__DUPLICATE_METHOD_MATCH = YES;
				CODE_SIGN_IDENTITY = "iPhone Developer";
				COPY_PHASE_STRIP = NO;
				DEBUG_INFORMATION_FORMAT = dwarf;
				ENABLE_STRICT_OBJC_MSGSEND = YES;
				ENABLE_TESTABILITY = YES;
				GCC_C_LANGUAGE_STANDARD = gnu11;
				GCC_DYNAMIC_NO_PIC = NO;
				GCC_NO_COMMON_BLOCKS = YES;
				GCC_OPTIMIZATION_LEVEL = 0;
				GCC_PREPROCESSOR_DEFINITIONS = (
					"DEBUG=1",
					"$(inherited)",
				);
				GCC_WARN_64_TO_32_BIT_CONVERSION = YES;
				GCC_WARN_ABOUT_RETURN_TYPE = YES_ERROR;
				GCC_WARN_UNDECLARED_SELECTOR = YES;
				GCC_WARN_UNINITIALIZED_AUTOS = YES_AGGRESSIVE;
				GCC_WARN_UNUSED_FUNCTION = YES;
				GCC_WARN_UNUSED_VARIABLE = YES;
				IPHONEOS_DEPLOYMENT_TARGET = 12.4;
				MTL_ENABLE_DEBUG_INFO = INCLUDE_SOURCE;
				MTL_FAST_MATH = YES;
				ONLY_ACTIVE_ARCH = YES;
				SDKROOT = iphoneos;
				SWIFT_ACTIVE_COMPILATION_CONDITIONS = DEBUG;
				SWIFT_OPTIMIZATION_LEVEL = "-Onone";
			};
			name = Debug;
		};
		B7928D75232F02DC00CB738F /* Release */ = {
			isa = XCBuildConfiguration;
			buildSettings = {
				ALWAYS_SEARCH_USER_PATHS = NO;
				CLANG_ANALYZER_NONNULL = YES;
				CLANG_ANALYZER_NUMBER_OBJECT_CONVERSION = YES_AGGRESSIVE;
				CLANG_CXX_LANGUAGE_STANDARD = "gnu++14";
				CLANG_CXX_LIBRARY = "libc++";
				CLANG_ENABLE_MODULES = YES;
				CLANG_ENABLE_OBJC_ARC = YES;
				CLANG_ENABLE_OBJC_WEAK = YES;
				CLANG_WARN_BLOCK_CAPTURE_AUTORELEASING = YES;
				CLANG_WARN_BOOL_CONVERSION = YES;
				CLANG_WARN_COMMA = YES;
				CLANG_WARN_CONSTANT_CONVERSION = YES;
				CLANG_WARN_DEPRECATED_OBJC_IMPLEMENTATIONS = YES;
				CLANG_WARN_DIRECT_OBJC_ISA_USAGE = YES_ERROR;
				CLANG_WARN_DOCUMENTATION_COMMENTS = YES;
				CLANG_WARN_EMPTY_BODY = YES;
				CLANG_WARN_ENUM_CONVERSION = YES;
				CLANG_WARN_INFINITE_RECURSION = YES;
				CLANG_WARN_INT_CONVERSION = YES;
				CLANG_WARN_NON_LITERAL_NULL_CONVERSION = YES;
				CLANG_WARN_OBJC_IMPLICIT_RETAIN_SELF = YES;
				CLANG_WARN_OBJC_LITERAL_CONVERSION = YES;
				CLANG_WARN_OBJC_ROOT_CLASS = YES_ERROR;
				CLANG_WARN_RANGE_LOOP_ANALYSIS = YES;
				CLANG_WARN_STRICT_PROTOTYPES = YES;
				CLANG_WARN_SUSPICIOUS_MOVE = YES;
				CLANG_WARN_UNGUARDED_AVAILABILITY = YES_AGGRESSIVE;
				CLANG_WARN_UNREACHABLE_CODE = YES;
				CLANG_WARN__DUPLICATE_METHOD_MATCH = YES;
				CODE_SIGN_IDENTITY = "iPhone Developer";
				COPY_PHASE_STRIP = NO;
				DEBUG_INFORMATION_FORMAT = "dwarf-with-dsym";
				ENABLE_NS_ASSERTIONS = NO;
				ENABLE_STRICT_OBJC_MSGSEND = YES;
				GCC_C_LANGUAGE_STANDARD = gnu11;
				GCC_NO_COMMON_BLOCKS = YES;
				GCC_WARN_64_TO_32_BIT_CONVERSION = YES;
				GCC_WARN_ABOUT_RETURN_TYPE = YES_ERROR;
				GCC_WARN_UNDECLARED_SELECTOR = YES;
				GCC_WARN_UNINITIALIZED_AUTOS = YES_AGGRESSIVE;
				GCC_WARN_UNUSED_FUNCTION = YES;
				GCC_WARN_UNUSED_VARIABLE = YES;
				IPHONEOS_DEPLOYMENT_TARGET = 12.4;
				MTL_ENABLE_DEBUG_INFO = NO;
				MTL_FAST_MATH = YES;
				SDKROOT = iphoneos;
				SWIFT_COMPILATION_MODE = wholemodule;
				SWIFT_OPTIMIZATION_LEVEL = "-O";
				VALIDATE_PRODUCT = YES;
			};
			name = Release;
		};
		B7928D77232F02DC00CB738F /* Debug */ = {
			isa = XCBuildConfiguration;
			buildSettings = {
				ASSETCATALOG_COMPILER_APPICON_NAME = AppIcon;
				CODE_SIGN_STYLE = Automatic;
				DEVELOPMENT_TEAM = TX3A2YEYCD;
				INFOPLIST_FILE = Parcial1V2Ago19/Info.plist;
				LD_RUNPATH_SEARCH_PATHS = (
					"$(inherited)",
					"@executable_path/Frameworks",
				);
				PRODUCT_BUNDLE_IDENTIFIER = ITESM.Parcial1V2Ago19;
				PRODUCT_NAME = "$(TARGET_NAME)";
				SWIFT_VERSION = 5.0;
				TARGETED_DEVICE_FAMILY = "1,2";
			};
			name = Debug;
		};
		B7928D78232F02DC00CB738F /* Release */ = {
			isa = XCBuildConfiguration;
			buildSettings = {
				ASSETCATALOG_COMPILER_APPICON_NAME = AppIcon;
				CODE_SIGN_STYLE = Automatic;
				DEVELOPMENT_TEAM = TX3A2YEYCD;
				INFOPLIST_FILE = Parcial1V2Ago19/Info.plist;
				LD_RUNPATH_SEARCH_PATHS = (
					"$(inherited)",
					"@executable_path/Frameworks",
				);
				PRODUCT_BUNDLE_IDENTIFIER = ITESM.Parcial1V2Ago19;
				PRODUCT_NAME = "$(TARGET_NAME)";
				SWIFT_VERSION = 5.0;
				TARGETED_DEVICE_FAMILY = "1,2";
			};
			name = Release;
		};
/* End XCBuildConfiguration section */

/* Begin XCConfigurationList section */
		B7928D5F232F02DB00CB738F /* Build configuration list for PBXProject "Parcial1V2Ago19" */ = {
			isa = XCConfigurationList;
			buildConfigurations = (
				B7928D74232F02DC00CB738F /* Debug */,
				B7928D75232F02DC00CB738F /* Release */,
			);
			defaultConfigurationIsVisible = 0;
			defaultConfigurationName = Release;
		};
		B7928D76232F02DC00CB738F /* Build configuration list for PBXNativeTarget "Parcial1V2Ago19" */ = {
			isa = XCConfigurationList;
			buildConfigurations = (
				B7928D77232F02DC00CB738F /* Debug */,
				B7928D78232F02DC00CB738F /* Release */,
			);
			defaultConfigurationIsVisible = 0;
			defaultConfigurationName = Release;
		};
/* End XCConfigurationList section */
	};
	rootObject = B7928D5C232F02DB00CB738F /* Project object */;
}
