// !$*UTF8*$!
{
	archiveVersion = 1;
	classes = {
	};
	objectVersion = 50;
	objects = {

/* Begin PBXBuildFile section */
		0BBBBD612337137F00131EF8 /* AppDelegate.swift in Sources */ = {isa = PBXBuildFile; fileRef = 0BBBBD602337137F00131EF8 /* AppDelegate.swift */; };
		0BBBBD632337137F00131EF8 /* SceneDelegate.swift in Sources */ = {isa = PBXBuildFile; fileRef = 0BBBBD622337137F00131EF8 /* SceneDelegate.swift */; };
		0BBBBD682337137F00131EF8 /* Main.storyboard in Resources */ = {isa = PBXBuildFile; fileRef = 0BBBBD662337137F00131EF8 /* Main.storyboard */; };
		0BBBBD6A2337138000131EF8 /* Assets.xcassets in Resources */ = {isa = PBXBuildFile; fileRef = 0BBBBD692337138000131EF8 /* Assets.xcassets */; };
		0BBBBD6D2337138000131EF8 /* LaunchScreen.storyboard in Resources */ = {isa = PBXBuildFile; fileRef = 0BBBBD6B2337138000131EF8 /* LaunchScreen.storyboard */; };
		0BBBBD752337155500131EF8 /* Empleado.swift in Sources */ = {isa = PBXBuildFile; fileRef = 0BBBBD742337155500131EF8 /* Empleado.swift */; };
		0BBBBD77233718B700131EF8 /* TableViewController.swift in Sources */ = {isa = PBXBuildFile; fileRef = 0BBBBD76233718B700131EF8 /* TableViewController.swift */; };
		0BBBBD79233722AD00131EF8 /* CustomTableViewCell.swift in Sources */ = {isa = PBXBuildFile; fileRef = 0BBBBD78233722AD00131EF8 /* CustomTableViewCell.swift */; };
/* End PBXBuildFile section */

/* Begin PBXFileReference section */
		0BBBBD5D2337137F00131EF8 /* Tarea4.app */ = {isa = PBXFileReference; explicitFileType = wrapper.application; includeInIndex = 0; path = Tarea4.app; sourceTree = BUILT_PRODUCTS_DIR; };
		0BBBBD602337137F00131EF8 /* AppDelegate.swift */ = {isa = PBXFileReference; lastKnownFileType = sourcecode.swift; path = AppDelegate.swift; sourceTree = "<group>"; };
		0BBBBD622337137F00131EF8 /* SceneDelegate.swift */ = {isa = PBXFileReference; lastKnownFileType = sourcecode.swift; path = SceneDelegate.swift; sourceTree = "<group>"; };
		0BBBBD672337137F00131EF8 /* Base */ = {isa = PBXFileReference; lastKnownFileType = file.storyboard; name = Base; path = Base.lproj/Main.storyboard; sourceTree = "<group>"; };
		0BBBBD692337138000131EF8 /* Assets.xcassets */ = {isa = PBXFileReference; lastKnownFileType = folder.assetcatalog; path = Assets.xcassets; sourceTree = "<group>"; };
		0BBBBD6C2337138000131EF8 /* Base */ = {isa = PBXFileReference; lastKnownFileType = file.storyboard; name = Base; path = Base.lproj/LaunchScreen.storyboard; sourceTree = "<group>"; };
		0BBBBD6E2337138000131EF8 /* Info.plist */ = {isa = PBXFileReference; lastKnownFileType = text.plist.xml; path = Info.plist; sourceTree = "<group>"; };
		0BBBBD742337155500131EF8 /* Empleado.swift */ = {isa = PBXFileReference; lastKnownFileType = sourcecode.swift; path = Empleado.swift; sourceTree = "<group>"; };
		0BBBBD76233718B700131EF8 /* TableViewController.swift */ = {isa = PBXFileReference; lastKnownFileType = sourcecode.swift; path = TableViewController.swift; sourceTree = "<group>"; };
		0BBBBD78233722AD00131EF8 /* CustomTableViewCell.swift */ = {isa = PBXFileReference; lastKnownFileType = sourcecode.swift; path = CustomTableViewCell.swift; sourceTree = "<group>"; };
/* End PBXFileReference section */

/* Begin PBXFrameworksBuildPhase section */
		0BBBBD5A2337137F00131EF8 /* Frameworks */ = {
			isa = PBXFrameworksBuildPhase;
			buildActionMask = 2147483647;
			files = (
			);
			runOnlyForDeploymentPostprocessing = 0;
		};
/* End PBXFrameworksBuildPhase section */

/* Begin PBXGroup section */
		0BBBBD542337137F00131EF8 = {
			isa = PBXGroup;
			children = (
				0BBBBD5F2337137F00131EF8 /* Tarea4 */,
				0BBBBD5E2337137F00131EF8 /* Products */,
			);
			sourceTree = "<group>";
		};
		0BBBBD5E2337137F00131EF8 /* Products */ = {
			isa = PBXGroup;
			children = (
				0BBBBD5D2337137F00131EF8 /* Tarea4.app */,
			);
			name = Products;
			sourceTree = "<group>";
		};
		0BBBBD5F2337137F00131EF8 /* Tarea4 */ = {
			isa = PBXGroup;
			children = (
				0BBBBD742337155500131EF8 /* Empleado.swift */,
				0BBBBD78233722AD00131EF8 /* CustomTableViewCell.swift */,
				0BBBBD602337137F00131EF8 /* AppDelegate.swift */,
				0BBBBD622337137F00131EF8 /* SceneDelegate.swift */,
				0BBBBD662337137F00131EF8 /* Main.storyboard */,
				0BBBBD76233718B700131EF8 /* TableViewController.swift */,
				0BBBBD692337138000131EF8 /* Assets.xcassets */,
				0BBBBD6B2337138000131EF8 /* LaunchScreen.storyboard */,
				0BBBBD6E2337138000131EF8 /* Info.plist */,
			);
			path = Tarea4;
			sourceTree = "<group>";
		};
/* End PBXGroup section */

/* Begin PBXNativeTarget section */
		0BBBBD5C2337137F00131EF8 /* Tarea4 */ = {
			isa = PBXNativeTarget;
			buildConfigurationList = 0BBBBD712337138000131EF8 /* Build configuration list for PBXNativeTarget "Tarea4" */;
			buildPhases = (
				0BBBBD592337137F00131EF8 /* Sources */,
				0BBBBD5A2337137F00131EF8 /* Frameworks */,
				0BBBBD5B2337137F00131EF8 /* Resources */,
			);
			buildRules = (
			);
			dependencies = (
			);
			name = Tarea4;
			productName = Tarea4;
			productReference = 0BBBBD5D2337137F00131EF8 /* Tarea4.app */;
			productType = "com.apple.product-type.application";
		};
/* End PBXNativeTarget section */

/* Begin PBXProject section */
		0BBBBD552337137F00131EF8 /* Project object */ = {
			isa = PBXProject;
			attributes = {
				LastSwiftUpdateCheck = 1100;
				LastUpgradeCheck = 1100;
				ORGANIZATIONNAME = "Angel Odiel Treviño Villanueva";
				TargetAttributes = {
					0BBBBD5C2337137F00131EF8 = {
						CreatedOnToolsVersion = 11.0;
					};
				};
			};
			buildConfigurationList = 0BBBBD582337137F00131EF8 /* Build configuration list for PBXProject "Tarea4" */;
			compatibilityVersion = "Xcode 9.3";
			developmentRegion = en;
			hasScannedForEncodings = 0;
			knownRegions = (
				en,
				Base,
			);
			mainGroup = 0BBBBD542337137F00131EF8;
			productRefGroup = 0BBBBD5E2337137F00131EF8 /* Products */;
			projectDirPath = "";
			projectRoot = "";
			targets = (
				0BBBBD5C2337137F00131EF8 /* Tarea4 */,
			);
		};
/* End PBXProject section */

/* Begin PBXResourcesBuildPhase section */
		0BBBBD5B2337137F00131EF8 /* Resources */ = {
			isa = PBXResourcesBuildPhase;
			buildActionMask = 2147483647;
			files = (
				0BBBBD6D2337138000131EF8 /* LaunchScreen.storyboard in Resources */,
				0BBBBD6A2337138000131EF8 /* Assets.xcassets in Resources */,
				0BBBBD682337137F00131EF8 /* Main.storyboard in Resources */,
			);
			runOnlyForDeploymentPostprocessing = 0;
		};
/* End PBXResourcesBuildPhase section */

/* Begin PBXSourcesBuildPhase section */
		0BBBBD592337137F00131EF8 /* Sources */ = {
			isa = PBXSourcesBuildPhase;
			buildActionMask = 2147483647;
			files = (
				0BBBBD752337155500131EF8 /* Empleado.swift in Sources */,
				0BBBBD79233722AD00131EF8 /* CustomTableViewCell.swift in Sources */,
				0BBBBD612337137F00131EF8 /* AppDelegate.swift in Sources */,
				0BBBBD632337137F00131EF8 /* SceneDelegate.swift in Sources */,
				0BBBBD77233718B700131EF8 /* TableViewController.swift in Sources */,
			);
			runOnlyForDeploymentPostprocessing = 0;
		};
/* End PBXSourcesBuildPhase section */

/* Begin PBXVariantGroup section */
		0BBBBD662337137F00131EF8 /* Main.storyboard */ = {
			isa = PBXVariantGroup;
			children = (
				0BBBBD672337137F00131EF8 /* Base */,
			);
			name = Main.storyboard;
			sourceTree = "<group>";
		};
		0BBBBD6B2337138000131EF8 /* LaunchScreen.storyboard */ = {
			isa = PBXVariantGroup;
			children = (
				0BBBBD6C2337138000131EF8 /* Base */,
			);
			name = LaunchScreen.storyboard;
			sourceTree = "<group>";
		};
/* End PBXVariantGroup section */

/* Begin XCBuildConfiguration section */
		0BBBBD6F2337138000131EF8 /* Debug */ = {
			isa = XCBuildConfiguration;
			buildSettings = {
				ALWAYS_SEARCH_USER_PATHS = NO;
				CLANG_ANALYZER_NONNULL = YES;
				CLANG_ANALYZER_NUMBER_OBJECT_CONVERSION = YES_AGGRESSIVE;
				CLANG_CXX_LANGUAGE_STANDARD = "gnu++14";
				CLANG_CXX_LIBRARY = "libc++";
				CLANG_ENABLE_MODULES = YES;
				CLANG_ENABLE_OBJC_ARC = YES;
				CLANG_ENABLE_OBJC_WEAK = YES;
				CLANG_WARN_BLOCK_CAPTURE_AUTORELEASING = YES;
				CLANG_WARN_BOOL_CONVERSION = YES;
				CLANG_WARN_COMMA = YES;
				CLANG_WARN_CONSTANT_CONVERSION = YES;
				CLANG_WARN_DEPRECATED_OBJC_IMPLEMENTATIONS = YES;
				CLANG_WARN_DIRECT_OBJC_ISA_USAGE = YES_ERROR;
				CLANG_WARN_DOCUMENTATION_COMMENTS = YES;
				CLANG_WARN_EMPTY_BODY = YES;
				CLANG_WARN_ENUM_CONVERSION = YES;
				CLANG_WARN_INFINITE_RECURSION = YES;
				CLANG_WARN_INT_CONVERSION = YES;
				CLANG_WARN_NON_LITERAL_NULL_CONVERSION = YES;
				CLANG_WARN_OBJC_IMPLICIT_RETAIN_SELF = YES;
				CLANG_WARN_OBJC_LITERAL_CONVERSION = YES;
				CLANG_WARN_OBJC_ROOT_CLASS = YES_ERROR;
				CLANG_WARN_RANGE_LOOP_ANALYSIS = YES;
				CLANG_WARN_STRICT_PROTOTYPES = YES;
				CLANG_WARN_SUSPICIOUS_MOVE = YES;
				CLANG_WARN_UNGUARDED_AVAILABILITY = YES_AGGRESSIVE;
				CLANG_WARN_UNREACHABLE_CODE = YES;
				CLANG_WARN__DUPLICATE_METHOD_MATCH = YES;
				COPY_PHASE_STRIP = NO;
				DEBUG_INFORMATION_FORMAT = dwarf;
				ENABLE_STRICT_OBJC_MSGSEND = YES;
				ENABLE_TESTABILITY = YES;
				GCC_C_LANGUAGE_STANDARD = gnu11;
				GCC_DYNAMIC_NO_PIC = NO;
				GCC_NO_COMMON_BLOCKS = YES;
				GCC_OPTIMIZATION_LEVEL = 0;
				GCC_PREPROCESSOR_DEFINITIONS = (
					"DEBUG=1",
					"$(inherited)",
				);
				GCC_WARN_64_TO_32_BIT_CONVERSION = YES;
				GCC_WARN_ABOUT_RETURN_TYPE = YES_ERROR;
				GCC_WARN_UNDECLARED_SELECTOR = YES;
				GCC_WARN_UNINITIALIZED_AUTOS = YES_AGGRESSIVE;
				GCC_WARN_UNUSED_FUNCTION = YES;
				GCC_WARN_UNUSED_VARIABLE = YES;
				IPHONEOS_DEPLOYMENT_TARGET = 13.0;
				MTL_ENABLE_DEBUG_INFO = INCLUDE_SOURCE;
				MTL_FAST_MATH = YES;
				ONLY_ACTIVE_ARCH = YES;
				SDKROOT = iphoneos;
				SWIFT_ACTIVE_COMPILATION_CONDITIONS = DEBUG;
				SWIFT_OPTIMIZATION_LEVEL = "-Onone";
			};
			name = Debug;
		};
		0BBBBD702337138000131EF8 /* Release */ = {
			isa = XCBuildConfiguration;
			buildSettings = {
				ALWAYS_SEARCH_USER_PATHS = NO;
				CLANG_ANALYZER_NONNULL = YES;
				CLANG_ANALYZER_NUMBER_OBJECT_CONVERSION = YES_AGGRESSIVE;
				CLANG_CXX_LANGUAGE_STANDARD = "gnu++14";
				CLANG_CXX_LIBRARY = "libc++";
				CLANG_ENABLE_MODULES = YES;
				CLANG_ENABLE_OBJC_ARC = YES;
				CLANG_ENABLE_OBJC_WEAK = YES;
				CLANG_WARN_BLOCK_CAPTURE_AUTORELEASING = YES;
				CLANG_WARN_BOOL_CONVERSION = YES;
				CLANG_WARN_COMMA = YES;
				CLANG_WARN_CONSTANT_CONVERSION = YES;
				CLANG_WARN_DEPRECATED_OBJC_IMPLEMENTATIONS = YES;
				CLANG_WARN_DIRECT_OBJC_ISA_USAGE = YES_ERROR;
				CLANG_WARN_DOCUMENTATION_COMMENTS = YES;
				CLANG_WARN_EMPTY_BODY = YES;
				CLANG_WARN_ENUM_CONVERSION = YES;
				CLANG_WARN_INFINITE_RECURSION = YES;
				CLANG_WARN_INT_CONVERSION = YES;
				CLANG_WARN_NON_LITERAL_NULL_CONVERSION = YES;
				CLANG_WARN_OBJC_IMPLICIT_RETAIN_SELF = YES;
				CLANG_WARN_OBJC_LITERAL_CONVERSION = YES;
				CLANG_WARN_OBJC_ROOT_CLASS = YES_ERROR;
				CLANG_WARN_RANGE_LOOP_ANALYSIS = YES;
				CLANG_WARN_STRICT_PROTOTYPES = YES;
				CLANG_WARN_SUSPICIOUS_MOVE = YES;
				CLANG_WARN_UNGUARDED_AVAILABILITY = YES_AGGRESSIVE;
				CLANG_WARN_UNREACHABLE_CODE = YES;
				CLANG_WARN__DUPLICATE_METHOD_MATCH = YES;
				COPY_PHASE_STRIP = NO;
				DEBUG_INFORMATION_FORMAT = "dwarf-with-dsym";
				ENABLE_NS_ASSERTIONS = NO;
				ENABLE_STRICT_OBJC_MSGSEND = YES;
				GCC_C_LANGUAGE_STANDARD = gnu11;
				GCC_NO_COMMON_BLOCKS = YES;
				GCC_WARN_64_TO_32_BIT_CONVERSION = YES;
				GCC_WARN_ABOUT_RETURN_TYPE = YES_ERROR;
				GCC_WARN_UNDECLARED_SELECTOR = YES;
				GCC_WARN_UNINITIALIZED_AUTOS = YES_AGGRESSIVE;
				GCC_WARN_UNUSED_FUNCTION = YES;
				GCC_WARN_UNUSED_VARIABLE = YES;
				IPHONEOS_DEPLOYMENT_TARGET = 13.0;
				MTL_ENABLE_DEBUG_INFO = NO;
				MTL_FAST_MATH = YES;
				SDKROOT = iphoneos;
				SWIFT_COMPILATION_MODE = wholemodule;
				SWIFT_OPTIMIZATION_LEVEL = "-O";
				VALIDATE_PRODUCT = YES;
			};
			name = Release;
		};
		0BBBBD722337138000131EF8 /* Debug */ = {
			isa = XCBuildConfiguration;
			buildSettings = {
				ASSETCATALOG_COMPILER_APPICON_NAME = AppIcon;
				CODE_SIGN_STYLE = Automatic;
				INFOPLIST_FILE = Tarea4/Info.plist;
				LD_RUNPATH_SEARCH_PATHS = (
					"$(inherited)",
					"@executable_path/Frameworks",
				);
				PRODUCT_BUNDLE_IDENTIFIER = A0133659.Tarea4;
				PRODUCT_NAME = "$(TARGET_NAME)";
				SWIFT_VERSION = 5.0;
				TARGETED_DEVICE_FAMILY = "1,2";
			};
			name = Debug;
		};
		0BBBBD732337138000131EF8 /* Release */ = {
			isa = XCBuildConfiguration;
			buildSettings = {
				ASSETCATALOG_COMPILER_APPICON_NAME = AppIcon;
				CODE_SIGN_STYLE = Automatic;
				INFOPLIST_FILE = Tarea4/Info.plist;
				LD_RUNPATH_SEARCH_PATHS = (
					"$(inherited)",
					"@executable_path/Frameworks",
				);
				PRODUCT_BUNDLE_IDENTIFIER = A0133659.Tarea4;
				PRODUCT_NAME = "$(TARGET_NAME)";
				SWIFT_VERSION = 5.0;
				TARGETED_DEVICE_FAMILY = "1,2";
			};
			name = Release;
		};
/* End XCBuildConfiguration section */

/* Begin XCConfigurationList section */
		0BBBBD582337137F00131EF8 /* Build configuration list for PBXProject "Tarea4" */ = {
			isa = XCConfigurationList;
			buildConfigurations = (
				0BBBBD6F2337138000131EF8 /* Debug */,
				0BBBBD702337138000131EF8 /* Release */,
			);
			defaultConfigurationIsVisible = 0;
			defaultConfigurationName = Release;
		};
		0BBBBD712337138000131EF8 /* Build configuration list for PBXNativeTarget "Tarea4" */ = {
			isa = XCConfigurationList;
			buildConfigurations = (
				0BBBBD722337138000131EF8 /* Debug */,
				0BBBBD732337138000131EF8 /* Release */,
			);
			defaultConfigurationIsVisible = 0;
			defaultConfigurationName = Release;
		};
/* End XCConfigurationList section */
	};
	rootObject = 0BBBBD552337137F00131EF8 /* Project object */;
}
