// !$*UTF8*$!
{
	archiveVersion = 1;
	classes = {
	};
	objectVersion = 50;
	objects = {

/* Begin PBXBuildFile section */
		0BDFB29E2314301F000CE44C /* ViewControllerEsfera.swift in Sources */ = {isa = PBXBuildFile; fileRef = 0BDFB29D2314301F000CE44C /* ViewControllerEsfera.swift */; };
		0BDFB2A023143040000CE44C /* ViewControllerPrisma.swift in Sources */ = {isa = PBXBuildFile; fileRef = 0BDFB29F23143040000CE44C /* ViewControllerPrisma.swift */; };
		B7901EEE2313702E00F0DFDF /* AppDelegate.swift in Sources */ = {isa = PBXBuildFile; fileRef = B7901EED2313702E00F0DFDF /* AppDelegate.swift */; };
		B7901EF02313702E00F0DFDF /* ViewController.swift in Sources */ = {isa = PBXBuildFile; fileRef = B7901EEF2313702E00F0DFDF /* ViewController.swift */; };
		B7901EF32313702E00F0DFDF /* Main.storyboard in Resources */ = {isa = PBXBuildFile; fileRef = B7901EF12313702E00F0DFDF /* Main.storyboard */; };
		B7901EF52313702F00F0DFDF /* Assets.xcassets in Resources */ = {isa = PBXBuildFile; fileRef = B7901EF42313702F00F0DFDF /* Assets.xcassets */; };
		B7901EF82313702F00F0DFDF /* LaunchScreen.storyboard in Resources */ = {isa = PBXBuildFile; fileRef = B7901EF62313702F00F0DFDF /* LaunchScreen.storyboard */; };
/* End PBXBuildFile section */

/* Begin PBXFileReference section */
		0BDFB29D2314301F000CE44C /* ViewControllerEsfera.swift */ = {isa = PBXFileReference; lastKnownFileType = sourcecode.swift; path = ViewControllerEsfera.swift; sourceTree = "<group>"; };
		0BDFB29F23143040000CE44C /* ViewControllerPrisma.swift */ = {isa = PBXFileReference; lastKnownFileType = sourcecode.swift; path = ViewControllerPrisma.swift; sourceTree = "<group>"; };
		B7901EEA2313702E00F0DFDF /* cuerposGeomA19.app */ = {isa = PBXFileReference; explicitFileType = wrapper.application; includeInIndex = 0; path = cuerposGeomA19.app; sourceTree = BUILT_PRODUCTS_DIR; };
		B7901EED2313702E00F0DFDF /* AppDelegate.swift */ = {isa = PBXFileReference; lastKnownFileType = sourcecode.swift; path = AppDelegate.swift; sourceTree = "<group>"; };
		B7901EEF2313702E00F0DFDF /* ViewController.swift */ = {isa = PBXFileReference; lastKnownFileType = sourcecode.swift; path = ViewController.swift; sourceTree = "<group>"; };
		B7901EF22313702E00F0DFDF /* Base */ = {isa = PBXFileReference; lastKnownFileType = file.storyboard; name = Base; path = Base.lproj/Main.storyboard; sourceTree = "<group>"; };
		B7901EF42313702F00F0DFDF /* Assets.xcassets */ = {isa = PBXFileReference; lastKnownFileType = folder.assetcatalog; path = Assets.xcassets; sourceTree = "<group>"; };
		B7901EF72313702F00F0DFDF /* Base */ = {isa = PBXFileReference; lastKnownFileType = file.storyboard; name = Base; path = Base.lproj/LaunchScreen.storyboard; sourceTree = "<group>"; };
		B7901EF92313702F00F0DFDF /* Info.plist */ = {isa = PBXFileReference; lastKnownFileType = text.plist.xml; path = Info.plist; sourceTree = "<group>"; };
/* End PBXFileReference section */

/* Begin PBXFrameworksBuildPhase section */
		B7901EE72313702E00F0DFDF /* Frameworks */ = {
			isa = PBXFrameworksBuildPhase;
			buildActionMask = 2147483647;
			files = (
			);
			runOnlyForDeploymentPostprocessing = 0;
		};
/* End PBXFrameworksBuildPhase section */

/* Begin PBXGroup section */
		B7901EE12313702E00F0DFDF = {
			isa = PBXGroup;
			children = (
				B7901EEC2313702E00F0DFDF /* cuerposGeomA19 */,
				B7901EEB2313702E00F0DFDF /* Products */,
			);
			sourceTree = "<group>";
		};
		B7901EEB2313702E00F0DFDF /* Products */ = {
			isa = PBXGroup;
			children = (
				B7901EEA2313702E00F0DFDF /* cuerposGeomA19.app */,
			);
			name = Products;
			sourceTree = "<group>";
		};
		B7901EEC2313702E00F0DFDF /* cuerposGeomA19 */ = {
			isa = PBXGroup;
			children = (
				B7901EED2313702E00F0DFDF /* AppDelegate.swift */,
				B7901EEF2313702E00F0DFDF /* ViewController.swift */,
				B7901EF12313702E00F0DFDF /* Main.storyboard */,
				0BDFB29F23143040000CE44C /* ViewControllerPrisma.swift */,
				0BDFB29D2314301F000CE44C /* ViewControllerEsfera.swift */,
				B7901EF42313702F00F0DFDF /* Assets.xcassets */,
				B7901EF62313702F00F0DFDF /* LaunchScreen.storyboard */,
				B7901EF92313702F00F0DFDF /* Info.plist */,
			);
			path = cuerposGeomA19;
			sourceTree = "<group>";
		};
/* End PBXGroup section */

/* Begin PBXNativeTarget section */
		B7901EE92313702E00F0DFDF /* cuerposGeomA19 */ = {
			isa = PBXNativeTarget;
			buildConfigurationList = B7901EFC2313702F00F0DFDF /* Build configuration list for PBXNativeTarget "cuerposGeomA19" */;
			buildPhases = (
				B7901EE62313702E00F0DFDF /* Sources */,
				B7901EE72313702E00F0DFDF /* Frameworks */,
				B7901EE82313702E00F0DFDF /* Resources */,
			);
			buildRules = (
			);
			dependencies = (
			);
			name = cuerposGeomA19;
			productName = cuerposGeomA19;
			productReference = B7901EEA2313702E00F0DFDF /* cuerposGeomA19.app */;
			productType = "com.apple.product-type.application";
		};
/* End PBXNativeTarget section */

/* Begin PBXProject section */
		B7901EE22313702E00F0DFDF /* Project object */ = {
			isa = PBXProject;
			attributes = {
				LastSwiftUpdateCheck = 1030;
				LastUpgradeCheck = 1030;
				ORGANIZATIONNAME = com.itesm;
				TargetAttributes = {
					B7901EE92313702E00F0DFDF = {
						CreatedOnToolsVersion = 10.3;
					};
				};
			};
			buildConfigurationList = B7901EE52313702E00F0DFDF /* Build configuration list for PBXProject "cuerposGeomA19" */;
			compatibilityVersion = "Xcode 9.3";
			developmentRegion = en;
			hasScannedForEncodings = 0;
			knownRegions = (
				en,
				Base,
			);
			mainGroup = B7901EE12313702E00F0DFDF;
			productRefGroup = B7901EEB2313702E00F0DFDF /* Products */;
			projectDirPath = "";
			projectRoot = "";
			targets = (
				B7901EE92313702E00F0DFDF /* cuerposGeomA19 */,
			);
		};
/* End PBXProject section */

/* Begin PBXResourcesBuildPhase section */
		B7901EE82313702E00F0DFDF /* Resources */ = {
			isa = PBXResourcesBuildPhase;
			buildActionMask = 2147483647;
			files = (
				B7901EF82313702F00F0DFDF /* LaunchScreen.storyboard in Resources */,
				B7901EF52313702F00F0DFDF /* Assets.xcassets in Resources */,
				B7901EF32313702E00F0DFDF /* Main.storyboard in Resources */,
			);
			runOnlyForDeploymentPostprocessing = 0;
		};
/* End PBXResourcesBuildPhase section */

/* Begin PBXSourcesBuildPhase section */
		B7901EE62313702E00F0DFDF /* Sources */ = {
			isa = PBXSourcesBuildPhase;
			buildActionMask = 2147483647;
			files = (
				0BDFB2A023143040000CE44C /* ViewControllerPrisma.swift in Sources */,
				0BDFB29E2314301F000CE44C /* ViewControllerEsfera.swift in Sources */,
				B7901EF02313702E00F0DFDF /* ViewController.swift in Sources */,
				B7901EEE2313702E00F0DFDF /* AppDelegate.swift in Sources */,
			);
			runOnlyForDeploymentPostprocessing = 0;
		};
/* End PBXSourcesBuildPhase section */

/* Begin PBXVariantGroup section */
		B7901EF12313702E00F0DFDF /* Main.storyboard */ = {
			isa = PBXVariantGroup;
			children = (
				B7901EF22313702E00F0DFDF /* Base */,
			);
			name = Main.storyboard;
			sourceTree = "<group>";
		};
		B7901EF62313702F00F0DFDF /* LaunchScreen.storyboard */ = {
			isa = PBXVariantGroup;
			children = (
				B7901EF72313702F00F0DFDF /* Base */,
			);
			name = LaunchScreen.storyboard;
			sourceTree = "<group>";
		};
/* End PBXVariantGroup section */

/* Begin XCBuildConfiguration section */
		B7901EFA2313702F00F0DFDF /* Debug */ = {
			isa = XCBuildConfiguration;
			buildSettings = {
				ALWAYS_SEARCH_USER_PATHS = NO;
				CLANG_ANALYZER_NONNULL = YES;
				CLANG_ANALYZER_NUMBER_OBJECT_CONVERSION = YES_AGGRESSIVE;
				CLANG_CXX_LANGUAGE_STANDARD = "gnu++14";
				CLANG_CXX_LIBRARY = "libc++";
				CLANG_ENABLE_MODULES = YES;
				CLANG_ENABLE_OBJC_ARC = YES;
				CLANG_ENABLE_OBJC_WEAK = YES;
				CLANG_WARN_BLOCK_CAPTURE_AUTORELEASING = YES;
				CLANG_WARN_BOOL_CONVERSION = YES;
				CLANG_WARN_COMMA = YES;
				CLANG_WARN_CONSTANT_CONVERSION = YES;
				CLANG_WARN_DEPRECATED_OBJC_IMPLEMENTATIONS = YES;
				CLANG_WARN_DIRECT_OBJC_ISA_USAGE = YES_ERROR;
				CLANG_WARN_DOCUMENTATION_COMMENTS = YES;
				CLANG_WARN_EMPTY_BODY = YES;
				CLANG_WARN_ENUM_CONVERSION = YES;
				CLANG_WARN_INFINITE_RECURSION = YES;
				CLANG_WARN_INT_CONVERSION = YES;
				CLANG_WARN_NON_LITERAL_NULL_CONVERSION = YES;
				CLANG_WARN_OBJC_IMPLICIT_RETAIN_SELF = YES;
				CLANG_WARN_OBJC_LITERAL_CONVERSION = YES;
				CLANG_WARN_OBJC_ROOT_CLASS = YES_ERROR;
				CLANG_WARN_RANGE_LOOP_ANALYSIS = YES;
				CLANG_WARN_STRICT_PROTOTYPES = YES;
				CLANG_WARN_SUSPICIOUS_MOVE = YES;
				CLANG_WARN_UNGUARDED_AVAILABILITY = YES_AGGRESSIVE;
				CLANG_WARN_UNREACHABLE_CODE = YES;
				CLANG_WARN__DUPLICATE_METHOD_MATCH = YES;
				CODE_SIGN_IDENTITY = "iPhone Developer";
				COPY_PHASE_STRIP = NO;
				DEBUG_INFORMATION_FORMAT = dwarf;
				ENABLE_STRICT_OBJC_MSGSEND = YES;
				ENABLE_TESTABILITY = YES;
				GCC_C_LANGUAGE_STANDARD = gnu11;
				GCC_DYNAMIC_NO_PIC = NO;
				GCC_NO_COMMON_BLOCKS = YES;
				GCC_OPTIMIZATION_LEVEL = 0;
				GCC_PREPROCESSOR_DEFINITIONS = (
					"DEBUG=1",
					"$(inherited)",
				);
				GCC_WARN_64_TO_32_BIT_CONVERSION = YES;
				GCC_WARN_ABOUT_RETURN_TYPE = YES_ERROR;
				GCC_WARN_UNDECLARED_SELECTOR = YES;
				GCC_WARN_UNINITIALIZED_AUTOS = YES_AGGRESSIVE;
				GCC_WARN_UNUSED_FUNCTION = YES;
				GCC_WARN_UNUSED_VARIABLE = YES;
				IPHONEOS_DEPLOYMENT_TARGET = 12.4;
				MTL_ENABLE_DEBUG_INFO = INCLUDE_SOURCE;
				MTL_FAST_MATH = YES;
				ONLY_ACTIVE_ARCH = YES;
				SDKROOT = iphoneos;
				SWIFT_ACTIVE_COMPILATION_CONDITIONS = DEBUG;
				SWIFT_OPTIMIZATION_LEVEL = "-Onone";
			};
			name = Debug;
		};
		B7901EFB2313702F00F0DFDF /* Release */ = {
			isa = XCBuildConfiguration;
			buildSettings = {
				ALWAYS_SEARCH_USER_PATHS = NO;
				CLANG_ANALYZER_NONNULL = YES;
				CLANG_ANALYZER_NUMBER_OBJECT_CONVERSION = YES_AGGRESSIVE;
				CLANG_CXX_LANGUAGE_STANDARD = "gnu++14";
				CLANG_CXX_LIBRARY = "libc++";
				CLANG_ENABLE_MODULES = YES;
				CLANG_ENABLE_OBJC_ARC = YES;
				CLANG_ENABLE_OBJC_WEAK = YES;
				CLANG_WARN_BLOCK_CAPTURE_AUTORELEASING = YES;
				CLANG_WARN_BOOL_CONVERSION = YES;
				CLANG_WARN_COMMA = YES;
				CLANG_WARN_CONSTANT_CONVERSION = YES;
				CLANG_WARN_DEPRECATED_OBJC_IMPLEMENTATIONS = YES;
				CLANG_WARN_DIRECT_OBJC_ISA_USAGE = YES_ERROR;
				CLANG_WARN_DOCUMENTATION_COMMENTS = YES;
				CLANG_WARN_EMPTY_BODY = YES;
				CLANG_WARN_ENUM_CONVERSION = YES;
				CLANG_WARN_INFINITE_RECURSION = YES;
				CLANG_WARN_INT_CONVERSION = YES;
				CLANG_WARN_NON_LITERAL_NULL_CONVERSION = YES;
				CLANG_WARN_OBJC_IMPLICIT_RETAIN_SELF = YES;
				CLANG_WARN_OBJC_LITERAL_CONVERSION = YES;
				CLANG_WARN_OBJC_ROOT_CLASS = YES_ERROR;
				CLANG_WARN_RANGE_LOOP_ANALYSIS = YES;
				CLANG_WARN_STRICT_PROTOTYPES = YES;
				CLANG_WARN_SUSPICIOUS_MOVE = YES;
				CLANG_WARN_UNGUARDED_AVAILABILITY = YES_AGGRESSIVE;
				CLANG_WARN_UNREACHABLE_CODE = YES;
				CLANG_WARN__DUPLICATE_METHOD_MATCH = YES;
				CODE_SIGN_IDENTITY = "iPhone Developer";
				COPY_PHASE_STRIP = NO;
				DEBUG_INFORMATION_FORMAT = "dwarf-with-dsym";
				ENABLE_NS_ASSERTIONS = NO;
				ENABLE_STRICT_OBJC_MSGSEND = YES;
				GCC_C_LANGUAGE_STANDARD = gnu11;
				GCC_NO_COMMON_BLOCKS = YES;
				GCC_WARN_64_TO_32_BIT_CONVERSION = YES;
				GCC_WARN_ABOUT_RETURN_TYPE = YES_ERROR;
				GCC_WARN_UNDECLARED_SELECTOR = YES;
				GCC_WARN_UNINITIALIZED_AUTOS = YES_AGGRESSIVE;
				GCC_WARN_UNUSED_FUNCTION = YES;
				GCC_WARN_UNUSED_VARIABLE = YES;
				IPHONEOS_DEPLOYMENT_TARGET = 12.4;
				MTL_ENABLE_DEBUG_INFO = NO;
				MTL_FAST_MATH = YES;
				SDKROOT = iphoneos;
				SWIFT_COMPILATION_MODE = wholemodule;
				SWIFT_OPTIMIZATION_LEVEL = "-O";
				VALIDATE_PRODUCT = YES;
			};
			name = Release;
		};
		B7901EFD2313702F00F0DFDF /* Debug */ = {
			isa = XCBuildConfiguration;
			buildSettings = {
				ASSETCATALOG_COMPILER_APPICON_NAME = AppIcon;
				CODE_SIGN_STYLE = Automatic;
				DEVELOPMENT_TEAM = TX3A2YEYCD;
				INFOPLIST_FILE = cuerposGeomA19/Info.plist;
				LD_RUNPATH_SEARCH_PATHS = (
					"$(inherited)",
					"@executable_path/Frameworks",
				);
				PRODUCT_BUNDLE_IDENTIFIER = ITESM.cuerposGeomA19;
				PRODUCT_NAME = "$(TARGET_NAME)";
				SWIFT_VERSION = 5.0;
				TARGETED_DEVICE_FAMILY = "1,2";
			};
			name = Debug;
		};
		B7901EFE2313702F00F0DFDF /* Release */ = {
			isa = XCBuildConfiguration;
			buildSettings = {
				ASSETCATALOG_COMPILER_APPICON_NAME = AppIcon;
				CODE_SIGN_STYLE = Automatic;
				DEVELOPMENT_TEAM = TX3A2YEYCD;
				INFOPLIST_FILE = cuerposGeomA19/Info.plist;
				LD_RUNPATH_SEARCH_PATHS = (
					"$(inherited)",
					"@executable_path/Frameworks",
				);
				PRODUCT_BUNDLE_IDENTIFIER = ITESM.cuerposGeomA19;
				PRODUCT_NAME = "$(TARGET_NAME)";
				SWIFT_VERSION = 5.0;
				TARGETED_DEVICE_FAMILY = "1,2";
			};
			name = Release;
		};
/* End XCBuildConfiguration section */

/* Begin XCConfigurationList section */
		B7901EE52313702E00F0DFDF /* Build configuration list for PBXProject "cuerposGeomA19" */ = {
			isa = XCConfigurationList;
			buildConfigurations = (
				B7901EFA2313702F00F0DFDF /* Debug */,
				B7901EFB2313702F00F0DFDF /* Release */,
			);
			defaultConfigurationIsVisible = 0;
			defaultConfigurationName = Release;
		};
		B7901EFC2313702F00F0DFDF /* Build configuration list for PBXNativeTarget "cuerposGeomA19" */ = {
			isa = XCConfigurationList;
			buildConfigurations = (
				B7901EFD2313702F00F0DFDF /* Debug */,
				B7901EFE2313702F00F0DFDF /* Release */,
			);
			defaultConfigurationIsVisible = 0;
			defaultConfigurationName = Release;
		};
/* End XCConfigurationList section */
	};
	rootObject = B7901EE22313702E00F0DFDF /* Project object */;
}
